
Microsoft Visual Studio Solution File, Format Version 12.00
# Visual Studio Version 16
VisualStudioVersion = 16.0.31829.152
MinimumVisualStudioVersion = 10.0.40219.1
Project("{9A19103F-16F7-4668-BE54-9A1E7A4F7556}") = "KampIntro", "KampIntro\KampIntro.csproj", "{20EF1B54-EACE-480C-9FBA-5E8D1FDEB65B}"
EndProject
Project("{9A19103F-16F7-4668-BE54-9A1E7A4F7556}") = "Donguler", "Donguler\Donguler.csproj", "{FA651D0D-303B-4767-944A-454A978EB087}"
EndProject
Project("{9A19103F-16F7-4668-BE54-9A1E7A4F7556}") = "ClassIntro", "ClassIntro\ClassIntro.csproj", "{9EDE68D1-A1D4-4B7E-8172-2AF42349E976}"
EndProject
Project("{9A19103F-16F7-4668-BE54-9A1E7A4F7556}") = "Metotlar", "Metotlar\Metotlar.csproj", "{E2E291A6-A305-4E23-90F3-55F786CC22B2}"
EndProject
Project("{9A19103F-16F7-4668-BE54-9A1E7A4F7556}") = "Matematik", "Matematik\Matematik.csproj", "{E10F6AE3-7A3C-4F6D-B627-7EA7A2C9F762}"
EndProject
Project("{9A19103F-16F7-4668-BE54-9A1E7A4F7556}") = "DegerVeReferansTipler", "DegerVeReferansTipler\DegerVeReferansTipler.csproj", "{BC17D77E-FAE1-42B5-B0EB-E14639496BB8}"
EndProject
Project("{9A19103F-16F7-4668-BE54-9A1E7A4F7556}") = "OOP1", "OOP1\OOP1.csproj", "{51B38D79-02CF-414C-8C35-9E3549DF46A9}"
EndProject
Project("{9A19103F-16F7-4668-BE54-9A1E7A4F7556}") = "Koleksiyonlar", "Koleksiyonlar\Koleksiyonlar.csproj", "{0419D0D6-A2DB-42FD-A35F-07AB42725C4C}"
EndProject
Project("{9A19103F-16F7-4668-BE54-9A1E7A4F7556}") = "GenericsIntro", "GenericsIntro\GenericsIntro.csproj", "{A9D4BB00-BFFD-4C59-92AD-1C21EB99067C}"
EndProject
Project("{9A19103F-16F7-4668-BE54-9A1E7A4F7556}") = "OOP2", "OOP2\OOP2.csproj", "{8437570B-9448-4845-A9F4-1A5921BE4B52}"
EndProject
Project("{9A19103F-16F7-4668-BE54-9A1E7A4F7556}") = "OOP3", "OOP3\OOP3.csproj", "{760C936A-2094-442B-ADA3-F60B37B0823A}"
EndProject
Project("{FAE04EC0-301F-11D3-BF4B-00C04F79EFBC}") = "GameProject", "GameProject\GameProject.csproj", "{BF6B647F-1A1B-4A12-80CC-A8D9C6753A2C}"
EndProject
Global
	GlobalSection(SolutionConfigurationPlatforms) = preSolution
		Debug|Any CPU = Debug|Any CPU
		Debug|x64 = Debug|x64
		Debug|x86 = Debug|x86
		Release|Any CPU = Release|Any CPU
		Release|x64 = Release|x64
		Release|x86 = Release|x86
	EndGlobalSection
	GlobalSection(ProjectConfigurationPlatforms) = postSolution
		{20EF1B54-EACE-480C-9FBA-5E8D1FDEB65B}.Debug|Any CPU.ActiveCfg = Debug|Any CPU
		{20EF1B54-EACE-480C-9FBA-5E8D1FDEB65B}.Debug|Any CPU.Build.0 = Debug|Any CPU
		{20EF1B54-EACE-480C-9FBA-5E8D1FDEB65B}.Debug|x64.ActiveCfg = Debug|Any CPU
		{20EF1B54-EACE-480C-9FBA-5E8D1FDEB65B}.Debug|x64.Build.0 = Debug|Any CPU
		{20EF1B54-EACE-480C-9FBA-5E8D1FDEB65B}.Debug|x86.ActiveCfg = Debug|Any CPU
		{20EF1B54-EACE-480C-9FBA-5E8D1FDEB65B}.Debug|x86.Build.0 = Debug|Any CPU
		{20EF1B54-EACE-480C-9FBA-5E8D1FDEB65B}.Release|Any CPU.ActiveCfg = Release|Any CPU
		{20EF1B54-EACE-480C-9FBA-5E8D1FDEB65B}.Release|Any CPU.Build.0 = Release|Any CPU
		{20EF1B54-EACE-480C-9FBA-5E8D1FDEB65B}.Release|x64.ActiveCfg = Release|Any CPU
		{20EF1B54-EACE-480C-9FBA-5E8D1FDEB65B}.Release|x64.Build.0 = Release|Any CPU
		{20EF1B54-EACE-480C-9FBA-5E8D1FDEB65B}.Release|x86.ActiveCfg = Release|Any CPU
		{20EF1B54-EACE-480C-9FBA-5E8D1FDEB65B}.Release|x86.Build.0 = Release|Any CPU
		{FA651D0D-303B-4767-944A-454A978EB087}.Debug|Any CPU.ActiveCfg = Debug|Any CPU
		{FA651D0D-303B-4767-944A-454A978EB087}.Debug|Any CPU.Build.0 = Debug|Any CPU
		{FA651D0D-303B-4767-944A-454A978EB087}.Debug|x64.ActiveCfg = Debug|Any CPU
		{FA651D0D-303B-4767-944A-454A978EB087}.Debug|x64.Build.0 = Debug|Any CPU
		{FA651D0D-303B-4767-944A-454A978EB087}.Debug|x86.ActiveCfg = Debug|Any CPU
		{FA651D0D-303B-4767-944A-454A978EB087}.Debug|x86.Build.0 = Debug|Any CPU
		{FA651D0D-303B-4767-944A-454A978EB087}.Release|Any CPU.ActiveCfg = Release|Any CPU
		{FA651D0D-303B-4767-944A-454A978EB087}.Release|Any CPU.Build.0 = Release|Any CPU
		{FA651D0D-303B-4767-944A-454A978EB087}.Release|x64.ActiveCfg = Release|Any CPU
		{FA651D0D-303B-4767-944A-454A978EB087}.Release|x64.Build.0 = Release|Any CPU
		{FA651D0D-303B-4767-944A-454A978EB087}.Release|x86.ActiveCfg = Release|Any CPU
		{FA651D0D-303B-4767-944A-454A978EB087}.Release|x86.Build.0 = Release|Any CPU
		{9EDE68D1-A1D4-4B7E-8172-2AF42349E976}.Debug|Any CPU.ActiveCfg = Debug|Any CPU
		{9EDE68D1-A1D4-4B7E-8172-2AF42349E976}.Debug|Any CPU.Build.0 = Debug|Any CPU
		{9EDE68D1-A1D4-4B7E-8172-2AF42349E976}.Debug|x64.ActiveCfg = Debug|Any CPU
		{9EDE68D1-A1D4-4B7E-8172-2AF42349E976}.Debug|x64.Build.0 = Debug|Any CPU
		{9EDE68D1-A1D4-4B7E-8172-2AF42349E976}.Debug|x86.ActiveCfg = Debug|Any CPU
		{9EDE68D1-A1D4-4B7E-8172-2AF42349E976}.Debug|x86.Build.0 = Debug|Any CPU
		{9EDE68D1-A1D4-4B7E-8172-2AF42349E976}.Release|Any CPU.ActiveCfg = Release|Any CPU
		{9EDE68D1-A1D4-4B7E-8172-2AF42349E976}.Release|Any CPU.Build.0 = Release|Any CPU
		{9EDE68D1-A1D4-4B7E-8172-2AF42349E976}.Release|x64.ActiveCfg = Release|Any CPU
		{9EDE68D1-A1D4-4B7E-8172-2AF42349E976}.Release|x64.Build.0 = Release|Any CPU
		{9EDE68D1-A1D4-4B7E-8172-2AF42349E976}.Release|x86.ActiveCfg = Release|Any CPU
		{9EDE68D1-A1D4-4B7E-8172-2AF42349E976}.Release|x86.Build.0 = Release|Any CPU
		{E2E291A6-A305-4E23-90F3-55F786CC22B2}.Debug|Any CPU.ActiveCfg = Debug|Any CPU
		{E2E291A6-A305-4E23-90F3-55F786CC22B2}.Debug|Any CPU.Build.0 = Debug|Any CPU
		{E2E291A6-A305-4E23-90F3-55F786CC22B2}.Debug|x64.ActiveCfg = Debug|Any CPU
		{E2E291A6-A305-4E23-90F3-55F786CC22B2}.Debug|x64.Build.0 = Debug|Any CPU
		{E2E291A6-A305-4E23-90F3-55F786CC22B2}.Debug|x86.ActiveCfg = Debug|Any CPU
		{E2E291A6-A305-4E23-90F3-55F786CC22B2}.Debug|x86.Build.0 = Debug|Any CPU
		{E2E291A6-A305-4E23-90F3-55F786CC22B2}.Release|Any CPU.ActiveCfg = Release|Any CPU
		{E2E291A6-A305-4E23-90F3-55F786CC22B2}.Release|Any CPU.Build.0 = Release|Any CPU
		{E2E291A6-A305-4E23-90F3-55F786CC22B2}.Release|x64.ActiveCfg = Release|Any CPU
		{E2E291A6-A305-4E23-90F3-55F786CC22B2}.Release|x64.Build.0 = Release|Any CPU
		{E2E291A6-A305-4E23-90F3-55F786CC22B2}.Release|x86.ActiveCfg = Release|Any CPU
		{E2E291A6-A305-4E23-90F3-55F786CC22B2}.Release|x86.Build.0 = Release|Any CPU
		{E10F6AE3-7A3C-4F6D-B627-7EA7A2C9F762}.Debug|Any CPU.ActiveCfg = Debug|Any CPU
		{E10F6AE3-7A3C-4F6D-B627-7EA7A2C9F762}.Debug|Any CPU.Build.0 = Debug|Any CPU
		{E10F6AE3-7A3C-4F6D-B627-7EA7A2C9F762}.Debug|x64.ActiveCfg = Debug|Any CPU
		{E10F6AE3-7A3C-4F6D-B627-7EA7A2C9F762}.Debug|x64.Build.0 = Debug|Any CPU
		{E10F6AE3-7A3C-4F6D-B627-7EA7A2C9F762}.Debug|x86.ActiveCfg = Debug|Any CPU
		{E10F6AE3-7A3C-4F6D-B627-7EA7A2C9F762}.Debug|x86.Build.0 = Debug|Any CPU
		{E10F6AE3-7A3C-4F6D-B627-7EA7A2C9F762}.Release|Any CPU.ActiveCfg = Release|Any CPU
		{E10F6AE3-7A3C-4F6D-B627-7EA7A2C9F762}.Release|Any CPU.Build.0 = Release|Any CPU
		{E10F6AE3-7A3C-4F6D-B627-7EA7A2C9F762}.Release|x64.ActiveCfg = Release|Any CPU
		{E10F6AE3-7A3C-4F6D-B627-7EA7A2C9F762}.Release|x64.Build.0 = Release|Any CPU
		{E10F6AE3-7A3C-4F6D-B627-7EA7A2C9F762}.Release|x86.ActiveCfg = Release|Any CPU
		{E10F6AE3-7A3C-4F6D-B627-7EA7A2C9F762}.Release|x86.Build.0 = Release|Any CPU
		{BC17D77E-FAE1-42B5-B0EB-E14639496BB8}.Debug|Any CPU.ActiveCfg = Debug|Any CPU
		{BC17D77E-FAE1-42B5-B0EB-E14639496BB8}.Debug|Any CPU.Build.0 = Debug|Any CPU
		{BC17D77E-FAE1-42B5-B0EB-E14639496BB8}.Debug|x64.ActiveCfg = Debug|Any CPU
		{BC17D77E-FAE1-42B5-B0EB-E14639496BB8}.Debug|x64.Build.0 = Debug|Any CPU
		{BC17D77E-FAE1-42B5-B0EB-E14639496BB8}.Debug|x86.ActiveCfg = Debug|Any CPU
		{BC17D77E-FAE1-42B5-B0EB-E14639496BB8}.Debug|x86.Build.0 = Debug|Any CPU
		{BC17D77E-FAE1-42B5-B0EB-E14639496BB8}.Release|Any CPU.ActiveCfg = Release|Any CPU
		{BC17D77E-FAE1-42B5-B0EB-E14639496BB8}.Release|Any CPU.Build.0 = Release|Any CPU
		{BC17D77E-FAE1-42B5-B0EB-E14639496BB8}.Release|x64.ActiveCfg = Release|Any CPU
		{BC17D77E-FAE1-42B5-B0EB-E14639496BB8}.Release|x64.Build.0 = Release|Any CPU
		{BC17D77E-FAE1-42B5-B0EB-E14639496BB8}.Release|x86.ActiveCfg = Release|Any CPU
		{BC17D77E-FAE1-42B5-B0EB-E14639496BB8}.Release|x86.Build.0 = Release|Any CPU
		{51B38D79-02CF-414C-8C35-9E3549DF46A9}.Debug|Any CPU.ActiveCfg = Debug|Any CPU
		{51B38D79-02CF-414C-8C35-9E3549DF46A9}.Debug|Any CPU.Build.0 = Debug|Any CPU
		{51B38D79-02CF-414C-8C35-9E3549DF46A9}.Debug|x64.ActiveCfg = Debug|Any CPU
		{51B38D79-02CF-414C-8C35-9E3549DF46A9}.Debug|x64.Build.0 = Debug|Any CPU
		{51B38D79-02CF-414C-8C35-9E3549DF46A9}.Debug|x86.ActiveCfg = Debug|Any CPU
		{51B38D79-02CF-414C-8C35-9E3549DF46A9}.Debug|x86.Build.0 = Debug|Any CPU
		{51B38D79-02CF-414C-8C35-9E3549DF46A9}.Release|Any CPU.ActiveCfg = Release|Any CPU
		{51B38D79-02CF-414C-8C35-9E3549DF46A9}.Release|Any CPU.Build.0 = Release|Any CPU
		{51B38D79-02CF-414C-8C35-9E3549DF46A9}.Release|x64.ActiveCfg = Release|Any CPU
		{51B38D79-02CF-414C-8C35-9E3549DF46A9}.Release|x64.Build.0 = Release|Any CPU
		{51B38D79-02CF-414C-8C35-9E3549DF46A9}.Release|x86.ActiveCfg = Release|Any CPU
		{51B38D79-02CF-414C-8C35-9E3549DF46A9}.Release|x86.Build.0 = Release|Any CPU
		{0419D0D6-A2DB-42FD-A35F-07AB42725C4C}.Debug|Any CPU.ActiveCfg = Debug|Any CPU
		{0419D0D6-A2DB-42FD-A35F-07AB42725C4C}.Debug|Any CPU.Build.0 = Debug|Any CPU
		{0419D0D6-A2DB-42FD-A35F-07AB42725C4C}.Debug|x64.ActiveCfg = Debug|Any CPU
		{0419D0D6-A2DB-42FD-A35F-07AB42725C4C}.Debug|x64.Build.0 = Debug|Any CPU
		{0419D0D6-A2DB-42FD-A35F-07AB42725C4C}.Debug|x86.ActiveCfg = Debug|Any CPU
		{0419D0D6-A2DB-42FD-A35F-07AB42725C4C}.Debug|x86.Build.0 = Debug|Any CPU
		{0419D0D6-A2DB-42FD-A35F-07AB42725C4C}.Release|Any CPU.ActiveCfg = Release|Any CPU
		{0419D0D6-A2DB-42FD-A35F-07AB42725C4C}.Release|Any CPU.Build.0 = Release|Any CPU
		{0419D0D6-A2DB-42FD-A35F-07AB42725C4C}.Release|x64.ActiveCfg = Release|Any CPU
		{0419D0D6-A2DB-42FD-A35F-07AB42725C4C}.Release|x64.Build.0 = Release|Any CPU
		{0419D0D6-A2DB-42FD-A35F-07AB42725C4C}.Release|x86.ActiveCfg = Release|Any CPU
		{0419D0D6-A2DB-42FD-A35F-07AB42725C4C}.Release|x86.Build.0 = Release|Any CPU
		{A9D4BB00-BFFD-4C59-92AD-1C21EB99067C}.Debug|Any CPU.ActiveCfg = Debug|Any CPU
		{A9D4BB00-BFFD-4C59-92AD-1C21EB99067C}.Debug|Any CPU.Build.0 = Debug|Any CPU
		{A9D4BB00-BFFD-4C59-92AD-1C21EB99067C}.Debug|x64.ActiveCfg = Debug|Any CPU
		{A9D4BB00-BFFD-4C59-92AD-1C21EB99067C}.Debug|x64.Build.0 = Debug|Any CPU
		{A9D4BB00-BFFD-4C59-92AD-1C21EB99067C}.Debug|x86.ActiveCfg = Debug|Any CPU
		{A9D4BB00-BFFD-4C59-92AD-1C21EB99067C}.Debug|x86.Build.0 = Debug|Any CPU
		{A9D4BB00-BFFD-4C59-92AD-1C21EB99067C}.Release|Any CPU.ActiveCfg = Release|Any CPU
		{A9D4BB00-BFFD-4C59-92AD-1C21EB99067C}.Release|Any CPU.Build.0 = Release|Any CPU
		{A9D4BB00-BFFD-4C59-92AD-1C21EB99067C}.Release|x64.ActiveCfg = Release|Any CPU
		{A9D4BB00-BFFD-4C59-92AD-1C21EB99067C}.Release|x64.Build.0 = Release|Any CPU
		{A9D4BB00-BFFD-4C59-92AD-1C21EB99067C}.Release|x86.ActiveCfg = Release|Any CPU
		{A9D4BB00-BFFD-4C59-92AD-1C21EB99067C}.Release|x86.Build.0 = Release|Any CPU
		{8437570B-9448-4845-A9F4-1A5921BE4B52}.Debug|Any CPU.ActiveCfg = Debug|Any CPU
		{8437570B-9448-4845-A9F4-1A5921BE4B52}.Debug|Any CPU.Build.0 = Debug|Any CPU
		{8437570B-9448-4845-A9F4-1A5921BE4B52}.Debug|x64.ActiveCfg = Debug|Any CPU
		{8437570B-9448-4845-A9F4-1A5921BE4B52}.Debug|x64.Build.0 = Debug|Any CPU
		{8437570B-9448-4845-A9F4-1A5921BE4B52}.Debug|x86.ActiveCfg = Debug|Any CPU
		{8437570B-9448-4845-A9F4-1A5921BE4B52}.Debug|x86.Build.0 = Debug|Any CPU
		{8437570B-9448-4845-A9F4-1A5921BE4B52}.Release|Any CPU.ActiveCfg = Release|Any CPU
		{8437570B-9448-4845-A9F4-1A5921BE4B52}.Release|Any CPU.Build.0 = Release|Any CPU
		{8437570B-9448-4845-A9F4-1A5921BE4B52}.Release|x64.ActiveCfg = Release|Any CPU
		{8437570B-9448-4845-A9F4-1A5921BE4B52}.Release|x64.Build.0 = Release|Any CPU
		{8437570B-9448-4845-A9F4-1A5921BE4B52}.Release|x86.ActiveCfg = Release|Any CPU
		{8437570B-9448-4845-A9F4-1A5921BE4B52}.Release|x86.Build.0 = Release|Any CPU
		{760C936A-2094-442B-ADA3-F60B37B0823A}.Debug|Any CPU.ActiveCfg = Debug|Any CPU
		{760C936A-2094-442B-ADA3-F60B37B0823A}.Debug|Any CPU.Build.0 = Debug|Any CPU
		{760C936A-2094-442B-ADA3-F60B37B0823A}.Debug|x64.ActiveCfg = Debug|Any CPU
		{760C936A-2094-442B-ADA3-F60B37B0823A}.Debug|x64.Build.0 = Debug|Any CPU
		{760C936A-2094-442B-ADA3-F60B37B0823A}.Debug|x86.ActiveCfg = Debug|Any CPU
		{760C936A-2094-442B-ADA3-F60B37B0823A}.Debug|x86.Build.0 = Debug|Any CPU
		{760C936A-2094-442B-ADA3-F60B37B0823A}.Release|Any CPU.ActiveCfg = Release|Any CPU
		{760C936A-2094-442B-ADA3-F60B37B0823A}.Release|Any CPU.Build.0 = Release|Any CPU
		{760C936A-2094-442B-ADA3-F60B37B0823A}.Release|x64.ActiveCfg = Release|Any CPU
		{760C936A-2094-442B-ADA3-F60B37B0823A}.Release|x64.Build.0 = Release|Any CPU
		{760C936A-2094-442B-ADA3-F60B37B0823A}.Release|x86.ActiveCfg = Release|Any CPU
		{760C936A-2094-442B-ADA3-F60B37B0823A}.Release|x86.Build.0 = Release|Any CPU
		{BF6B647F-1A1B-4A12-80CC-A8D9C6753A2C}.Debug|Any CPU.ActiveCfg = Debug|Any CPU
		{BF6B647F-1A1B-4A12-80CC-A8D9C6753A2C}.Debug|Any CPU.Build.0 = Debug|Any CPU
		{BF6B647F-1A1B-4A12-80CC-A8D9C6753A2C}.Debug|x64.ActiveCfg = Debug|Any CPU
		{BF6B647F-1A1B-4A12-80CC-A8D9C6753A2C}.Debug|x64.Build.0 = Debug|Any CPU
		{BF6B647F-1A1B-4A12-80CC-A8D9C6753A2C}.Debug|x86.ActiveCfg = Debug|Any CPU
		{BF6B647F-1A1B-4A12-80CC-A8D9C6753A2C}.Debug|x86.Build.0 = Debug|Any CPU
		{BF6B647F-1A1B-4A12-80CC-A8D9C6753A2C}.Release|Any CPU.ActiveCfg = Release|Any CPU
		{BF6B647F-1A1B-4A12-80CC-A8D9C6753A2C}.Release|Any CPU.Build.0 = Release|Any CPU
		{BF6B647F-1A1B-4A12-80CC-A8D9C6753A2C}.Release|x64.ActiveCfg = Release|Any CPU
		{BF6B647F-1A1B-4A12-80CC-A8D9C6753A2C}.Release|x64.Build.0 = Release|Any CPU
		{BF6B647F-1A1B-4A12-80CC-A8D9C6753A2C}.Release|x86.ActiveCfg = Release|Any CPU
		{BF6B647F-1A1B-4A12-80CC-A8D9C6753A2C}.Release|x86.Build.0 = Release|Any CPU
	EndGlobalSection
	GlobalSection(SolutionProperties) = preSolution
		HideSolutionNode = FALSE
	EndGlobalSection
	GlobalSection(ExtensibilityGlobals) = postSolution
		SolutionGuid = {60361D6E-248D-484F-A52A-979516DEEED7}
	EndGlobalSection
EndGlobal
